
Microsoft Visual Studio Solution File, Format Version 12.00
# Visual Studio 14
VisualStudioVersion = 14.0.24720.0
MinimumVisualStudioVersion = 10.0.40219.1
Project("{FAE04EC0-301F-11D3-BF4B-00C04F79EFBC}") = "TadManagementTool", "TadManagementTool.csproj", "{49DD36D8-1B2A-4F72-AB0B-0BEF5BE81AE2}"
EndProject
Project("{54435603-DBB4-11D2-8724-00A0C9A8B90C}") = "tad-client-setup", "..\tad-client-setup\tad-client-setup.vdproj", "{F0448FF4-F22C-420B-8872-A41E57AA7A1B}"
EndProject
Global
	GlobalSection(SolutionConfigurationPlatforms) = preSolution
		CD_ROM|Any CPU = CD_ROM|Any CPU
		CD_ROM|x86 = CD_ROM|x86
		Debug|Any CPU = Debug|Any CPU
		Debug|x86 = Debug|x86
		DVD-5|Any CPU = DVD-5|Any CPU
		DVD-5|x86 = DVD-5|x86
		Release|Any CPU = Release|Any CPU
		Release|x86 = Release|x86
		SingleImage|Any CPU = SingleImage|Any CPU
		SingleImage|x86 = SingleImage|x86
	EndGlobalSection
	GlobalSection(ProjectConfigurationPlatforms) = postSolution
		{49DD36D8-1B2A-4F72-AB0B-0BEF5BE81AE2}.CD_ROM|Any CPU.ActiveCfg = Release|Any CPU
		{49DD36D8-1B2A-4F72-AB0B-0BEF5BE81AE2}.CD_ROM|Any CPU.Build.0 = Release|Any CPU
		{49DD36D8-1B2A-4F72-AB0B-0BEF5BE81AE2}.CD_ROM|x86.ActiveCfg = Release|x86
		{49DD36D8-1B2A-4F72-AB0B-0BEF5BE81AE2}.CD_ROM|x86.Build.0 = Release|x86
		{49DD36D8-1B2A-4F72-AB0B-0BEF5BE81AE2}.Debug|Any CPU.ActiveCfg = Debug|Any CPU
		{49DD36D8-1B2A-4F72-AB0B-0BEF5BE81AE2}.Debug|Any CPU.Build.0 = Debug|Any CPU
		{49DD36D8-1B2A-4F72-AB0B-0BEF5BE81AE2}.Debug|x86.ActiveCfg = Debug|x86
		{49DD36D8-1B2A-4F72-AB0B-0BEF5BE81AE2}.Debug|x86.Build.0 = Debug|x86
		{49DD36D8-1B2A-4F72-AB0B-0BEF5BE81AE2}.DVD-5|Any CPU.ActiveCfg = Debug|Any CPU
		{49DD36D8-1B2A-4F72-AB0B-0BEF5BE81AE2}.DVD-5|Any CPU.Build.0 = Debug|Any CPU
		{49DD36D8-1B2A-4F72-AB0B-0BEF5BE81AE2}.DVD-5|x86.ActiveCfg = Debug|x86
		{49DD36D8-1B2A-4F72-AB0B-0BEF5BE81AE2}.DVD-5|x86.Build.0 = Debug|x86
		{49DD36D8-1B2A-4F72-AB0B-0BEF5BE81AE2}.Release|Any CPU.ActiveCfg = Release|Any CPU
		{49DD36D8-1B2A-4F72-AB0B-0BEF5BE81AE2}.Release|Any CPU.Build.0 = Release|Any CPU
		{49DD36D8-1B2A-4F72-AB0B-0BEF5BE81AE2}.Release|x86.ActiveCfg = Release|x86
		{49DD36D8-1B2A-4F72-AB0B-0BEF5BE81AE2}.Release|x86.Build.0 = Release|x86
		{49DD36D8-1B2A-4F72-AB0B-0BEF5BE81AE2}.SingleImage|Any CPU.ActiveCfg = Release|Any CPU
		{49DD36D8-1B2A-4F72-AB0B-0BEF5BE81AE2}.SingleImage|Any CPU.Build.0 = Release|Any CPU
		{49DD36D8-1B2A-4F72-AB0B-0BEF5BE81AE2}.SingleImage|x86.ActiveCfg = Release|x86
		{49DD36D8-1B2A-4F72-AB0B-0BEF5BE81AE2}.SingleImage|x86.Build.0 = Release|x86
		{F0448FF4-F22C-420B-8872-A41E57AA7A1B}.CD_ROM|Any CPU.ActiveCfg = Release
		{F0448FF4-F22C-420B-8872-A41E57AA7A1B}.CD_ROM|x86.ActiveCfg = Debug
		{F0448FF4-F22C-420B-8872-A41E57AA7A1B}.CD_ROM|x86.Build.0 = Debug
		{F0448FF4-F22C-420B-8872-A41E57AA7A1B}.Debug|Any CPU.ActiveCfg = Debug
		{F0448FF4-F22C-420B-8872-A41E57AA7A1B}.Debug|x86.ActiveCfg = Debug
		{F0448FF4-F22C-420B-8872-A41E57AA7A1B}.Debug|x86.Build.0 = Debug
		{F0448FF4-F22C-420B-8872-A41E57AA7A1B}.DVD-5|Any CPU.ActiveCfg = Debug
		{F0448FF4-F22C-420B-8872-A41E57AA7A1B}.DVD-5|x86.ActiveCfg = Debug
		{F0448FF4-F22C-420B-8872-A41E57AA7A1B}.DVD-5|x86.Build.0 = Debug
		{F0448FF4-F22C-420B-8872-A41E57AA7A1B}.Release|Any CPU.ActiveCfg = Release
		{F0448FF4-F22C-420B-8872-A41E57AA7A1B}.Release|x86.ActiveCfg = Release
		{F0448FF4-F22C-420B-8872-A41E57AA7A1B}.Release|x86.Build.0 = Release
		{F0448FF4-F22C-420B-8872-A41E57AA7A1B}.SingleImage|Any CPU.ActiveCfg = Release
		{F0448FF4-F22C-420B-8872-A41E57AA7A1B}.SingleImage|x86.ActiveCfg = Debug
		{F0448FF4-F22C-420B-8872-A41E57AA7A1B}.SingleImage|x86.Build.0 = Debug
	EndGlobalSection
	GlobalSection(SolutionProperties) = preSolution
		HideSolutionNode = FALSE
	EndGlobalSection
EndGlobal
